
Microsoft Visual Studio Solution File, Format Version 12.00
# Visual Studio Version 17
VisualStudioVersion = 17.0.31903.59
MinimumVisualStudioVersion = 10.0.40219.1
Project("{2150E333-8FDC-42A3-9474-1A3956D46DE8}") = "IdentityService", "IdentityService", "{C92C2A6C-C7DF-3B17-8CE7-85FC08468CCF}"
EndProject
Project("{2150E333-8FDC-42A3-9474-1A3956D46DE8}") = "src", "src", "{0A3E987B-98C3-8C4E-5D00-0242529CE33D}"
EndProject
Project("{FAE04EC0-301F-11D3-BF4B-00C04F79EFBC}") = "IdentityService.Api", "IdentityService\src\IdentityService.Api\IdentityService.Api.csproj", "{194359D6-A9FD-4BFA-905B-2AC487E431FF}"
EndProject
Project("{FAE04EC0-301F-11D3-BF4B-00C04F79EFBC}") = "IdentityService.Application", "IdentityService\src\IdentityService.Application\IdentityService.Application.csproj", "{71D6F9FB-C74F-4B3B-A927-66FB319B6F7F}"
EndProject
Project("{FAE04EC0-301F-11D3-BF4B-00C04F79EFBC}") = "IdentityService.Domain", "IdentityService\src\IdentityService.Domain\IdentityService.Domain.csproj", "{E16BDA67-E2C0-49EC-972E-968FB571E15E}"
EndProject
Project("{FAE04EC0-301F-11D3-BF4B-00C04F79EFBC}") = "IdentityService.Infrastructure", "IdentityService\src\IdentityService.Infrastructure\IdentityService.Infrastructure.csproj", "{DE35F297-D4D4-4E1B-A377-18C3CFF3343E}"
EndProject
Project("{2150E333-8FDC-42A3-9474-1A3956D46DE8}") = "NotificationService", "NotificationService", "{0BAE62A9-2200-0262-2CB5-8EE825167370}"
EndProject
Project("{2150E333-8FDC-42A3-9474-1A3956D46DE8}") = "src", "src", "{30993AEE-98A1-529F-B564-95C3EB406259}"
EndProject
Project("{FAE04EC0-301F-11D3-BF4B-00C04F79EFBC}") = "NotificationService.Application", "NotificationService\src\NotificationService.Application\NotificationService.Application.csproj", "{50A0E745-3C0D-454F-94FE-04F92CFCD4B7}"
EndProject
Project("{FAE04EC0-301F-11D3-BF4B-00C04F79EFBC}") = "NotificationService.Infrastructure", "NotificationService\src\NotificationService.Infrastructure\NotificationService.Infrastructure.csproj", "{79CAFDF4-2C60-4DAC-B46A-44157C9AE83C}"
EndProject
Project("{FAE04EC0-301F-11D3-BF4B-00C04F79EFBC}") = "NotificationService.Api", "NotificationService\src\NotificationService.Api\NotificationService.Api.csproj", "{C45F2705-32E5-448E-8EB7-DA3AA7063C9D}"
EndProject
Project("{2150E333-8FDC-42A3-9474-1A3956D46DE8}") = "IntegrationService", "IntegrationService", "{08854D1C-5B57-A4E0-3B1A-5DD2FFC762D9}"
EndProject
Project("{2150E333-8FDC-42A3-9474-1A3956D46DE8}") = "src", "src", "{3300A5C5-5B0B-B0E6-31E3-5EA9EF726706}"
EndProject
Project("{FAE04EC0-301F-11D3-BF4B-00C04F79EFBC}") = "IntegrationService.Api", "IntegrationService\src\IntegrationService.Api\IntegrationService.Api.csproj", "{0E81B5F0-33B9-4BC7-9929-2C83FF20B7B9}"
EndProject
Project("{FAE04EC0-301F-11D3-BF4B-00C04F79EFBC}") = "IntegrationService.Application", "IntegrationService\src\IntegrationService.Application\IntegrationService.Application.csproj", "{441DD6AC-87CB-4309-B822-C885517890D7}"
EndProject
Project("{FAE04EC0-301F-11D3-BF4B-00C04F79EFBC}") = "IntegrationService.Infrastructure", "IntegrationService\src\IntegrationService.Infrastructure\IntegrationService.Infrastructure.csproj", "{DE7B247E-40E6-4548-B5FD-41C0F801A9A7}"
EndProject
Project("{2150E333-8FDC-42A3-9474-1A3956D46DE8}") = "ConversationService", "ConversationService", "{AFAECB77-D563-C1CF-F218-07924D861B1B}"
EndProject
Project("{2150E333-8FDC-42A3-9474-1A3956D46DE8}") = "src", "src", "{FC00E685-75D2-EA3D-F243-8B052DAB944E}"
EndProject
Project("{FAE04EC0-301F-11D3-BF4B-00C04F79EFBC}") = "ConversationService.Infrastructure", "ConversationService\src\ConversationService.Infrastructure\ConversationService.Infrastructure.csproj", "{A5D46E31-C404-470D-B905-0F3B1284620C}"
EndProject
Project("{FAE04EC0-301F-11D3-BF4B-00C04F79EFBC}") = "ConversationService.Domain", "ConversationService\src\ConversationService.Domain\ConversationService.Domain.csproj", "{9738E66B-D217-456D-B0BA-A308FE6A49BD}"
EndProject
Project("{FAE04EC0-301F-11D3-BF4B-00C04F79EFBC}") = "ConversationService.Application", "ConversationService\src\ConversationService.Application\ConversationService.Application.csproj", "{713DA8CF-A9F5-499A-945E-555F6637B9AB}"
EndProject
Project("{FAE04EC0-301F-11D3-BF4B-00C04F79EFBC}") = "ConversationService.Api", "ConversationService\src\ConversationService.Api\ConversationService.Api.csproj", "{C5D3C405-5ADF-4B80-81EC-164D13793728}"
EndProject
Project("{2150E333-8FDC-42A3-9474-1A3956D46DE8}") = "KnowledgeBaseService", "KnowledgeBaseService", "{0033E7E9-0B62-6D2D-1DC5-6C7EBAE95B87}"
EndProject
Project("{2150E333-8FDC-42A3-9474-1A3956D46DE8}") = "src", "src", "{A81BDA42-A75C-12E6-ABAA-41A5AD3336A6}"
EndProject
Project("{FAE04EC0-301F-11D3-BF4B-00C04F79EFBC}") = "KnowledgeBaseService.Infrastructure", "KnowledgeBaseService\src\KnowledgeBaseService.Infrastructure\KnowledgeBaseService.Infrastructure.csproj", "{8CD0042A-8C05-440C-8390-596851A418E9}"
EndProject
Project("{FAE04EC0-301F-11D3-BF4B-00C04F79EFBC}") = "KnowledgeBaseService.Application", "KnowledgeBaseService\src\KnowledgeBaseService.Application\KnowledgeBaseService.Application.csproj", "{7B49293C-42E9-407D-9F8B-9CEBE9CC5220}"
EndProject
Project("{FAE04EC0-301F-11D3-BF4B-00C04F79EFBC}") = "KnowledgeBaseService.Domain", "KnowledgeBaseService\src\KnowledgeBaseService.Domain\KnowledgeBaseService.Domain.csproj", "{3E1CC9C7-2409-43C3-9876-AFDFE5AA2E16}"
EndProject
Project("{FAE04EC0-301F-11D3-BF4B-00C04F79EFBC}") = "KnowledgeBaseService.Api", "KnowledgeBaseService\src\KnowledgeBaseService.Api\KnowledgeBaseService.Api.csproj", "{349F4B47-1EBA-4155-9D33-05353C767C12}"
EndProject
Project("{2150E333-8FDC-42A3-9474-1A3956D46DE8}") = "AgentOrchestratorService", "AgentOrchestratorService", "{9345ADAE-A5B8-1E01-01D2-6B7F5DA267E9}"
EndProject
Project("{2150E333-8FDC-42A3-9474-1A3956D46DE8}") = "src", "src", "{6AE86F67-C325-7437-E2AE-1756BD4C81CE}"
EndProject
Project("{FAE04EC0-301F-11D3-BF4B-00C04F79EFBC}") = "AgentOrchestratorService.Api", "AgentOrchestratorService\src\AgentOrchestratorService.Api\AgentOrchestratorService.Api.csproj", "{42D69D4C-AAD0-4A58-AB1B-6AEA392DB412}"
EndProject
Project("{FAE04EC0-301F-11D3-BF4B-00C04F79EFBC}") = "AgentOrchestratorService.Application", "AgentOrchestratorService\src\AgentOrchestratorService.Application\AgentOrchestratorService.Application.csproj", "{38A06834-334A-48B4-BF55-8914822B9026}"
EndProject
Project("{FAE04EC0-301F-11D3-BF4B-00C04F79EFBC}") = "AgentOrchestratorService.Domain", "AgentOrchestratorService\src\AgentOrchestratorService.Domain\AgentOrchestratorService.Domain.csproj", "{A3F02CC4-92CA-42AD-8E46-917308FBEFAE}"
EndProject
Project("{FAE04EC0-301F-11D3-BF4B-00C04F79EFBC}") = "AgentOrchestratorService.Infrastructure", "AgentOrchestratorService\src\AgentOrchestratorService.Infrastructure\AgentOrchestratorService.Infrastructure.csproj", "{78FFFE51-BFA7-471F-AEF3-FE51E0B5EF4D}"
EndProject
Global
	GlobalSection(SolutionConfigurationPlatforms) = preSolution
		Debug|Any CPU = Debug|Any CPU
		Debug|x64 = Debug|x64
		Debug|x86 = Debug|x86
		Release|Any CPU = Release|Any CPU
		Release|x64 = Release|x64
		Release|x86 = Release|x86
	EndGlobalSection
	GlobalSection(ProjectConfigurationPlatforms) = postSolution
		{194359D6-A9FD-4BFA-905B-2AC487E431FF}.Debug|Any CPU.ActiveCfg = Debug|Any CPU
		{194359D6-A9FD-4BFA-905B-2AC487E431FF}.Debug|Any CPU.Build.0 = Debug|Any CPU
		{194359D6-A9FD-4BFA-905B-2AC487E431FF}.Debug|x64.ActiveCfg = Debug|Any CPU
		{194359D6-A9FD-4BFA-905B-2AC487E431FF}.Debug|x64.Build.0 = Debug|Any CPU
		{194359D6-A9FD-4BFA-905B-2AC487E431FF}.Debug|x86.ActiveCfg = Debug|Any CPU
		{194359D6-A9FD-4BFA-905B-2AC487E431FF}.Debug|x86.Build.0 = Debug|Any CPU
		{194359D6-A9FD-4BFA-905B-2AC487E431FF}.Release|Any CPU.ActiveCfg = Release|Any CPU
		{194359D6-A9FD-4BFA-905B-2AC487E431FF}.Release|Any CPU.Build.0 = Release|Any CPU
		{194359D6-A9FD-4BFA-905B-2AC487E431FF}.Release|x64.ActiveCfg = Release|Any CPU
		{194359D6-A9FD-4BFA-905B-2AC487E431FF}.Release|x64.Build.0 = Release|Any CPU
		{194359D6-A9FD-4BFA-905B-2AC487E431FF}.Release|x86.ActiveCfg = Release|Any CPU
		{194359D6-A9FD-4BFA-905B-2AC487E431FF}.Release|x86.Build.0 = Release|Any CPU
		{71D6F9FB-C74F-4B3B-A927-66FB319B6F7F}.Debug|Any CPU.ActiveCfg = Debug|Any CPU
		{71D6F9FB-C74F-4B3B-A927-66FB319B6F7F}.Debug|Any CPU.Build.0 = Debug|Any CPU
		{71D6F9FB-C74F-4B3B-A927-66FB319B6F7F}.Debug|x64.ActiveCfg = Debug|Any CPU
		{71D6F9FB-C74F-4B3B-A927-66FB319B6F7F}.Debug|x64.Build.0 = Debug|Any CPU
		{71D6F9FB-C74F-4B3B-A927-66FB319B6F7F}.Debug|x86.ActiveCfg = Debug|Any CPU
		{71D6F9FB-C74F-4B3B-A927-66FB319B6F7F}.Debug|x86.Build.0 = Debug|Any CPU
		{71D6F9FB-C74F-4B3B-A927-66FB319B6F7F}.Release|Any CPU.ActiveCfg = Release|Any CPU
		{71D6F9FB-C74F-4B3B-A927-66FB319B6F7F}.Release|Any CPU.Build.0 = Release|Any CPU
		{71D6F9FB-C74F-4B3B-A927-66FB319B6F7F}.Release|x64.ActiveCfg = Release|Any CPU
		{71D6F9FB-C74F-4B3B-A927-66FB319B6F7F}.Release|x64.Build.0 = Release|Any CPU
		{71D6F9FB-C74F-4B3B-A927-66FB319B6F7F}.Release|x86.ActiveCfg = Release|Any CPU
		{71D6F9FB-C74F-4B3B-A927-66FB319B6F7F}.Release|x86.Build.0 = Release|Any CPU
		{E16BDA67-E2C0-49EC-972E-968FB571E15E}.Debug|Any CPU.ActiveCfg = Debug|Any CPU
		{E16BDA67-E2C0-49EC-972E-968FB571E15E}.Debug|Any CPU.Build.0 = Debug|Any CPU
		{E16BDA67-E2C0-49EC-972E-968FB571E15E}.Debug|x64.ActiveCfg = Debug|Any CPU
		{E16BDA67-E2C0-49EC-972E-968FB571E15E}.Debug|x64.Build.0 = Debug|Any CPU
		{E16BDA67-E2C0-49EC-972E-968FB571E15E}.Debug|x86.ActiveCfg = Debug|Any CPU
		{E16BDA67-E2C0-49EC-972E-968FB571E15E}.Debug|x86.Build.0 = Debug|Any CPU
		{E16BDA67-E2C0-49EC-972E-968FB571E15E}.Release|Any CPU.ActiveCfg = Release|Any CPU
		{E16BDA67-E2C0-49EC-972E-968FB571E15E}.Release|Any CPU.Build.0 = Release|Any CPU
		{E16BDA67-E2C0-49EC-972E-968FB571E15E}.Release|x64.ActiveCfg = Release|Any CPU
		{E16BDA67-E2C0-49EC-972E-968FB571E15E}.Release|x64.Build.0 = Release|Any CPU
		{E16BDA67-E2C0-49EC-972E-968FB571E15E}.Release|x86.ActiveCfg = Release|Any CPU
		{E16BDA67-E2C0-49EC-972E-968FB571E15E}.Release|x86.Build.0 = Release|Any CPU
		{DE35F297-D4D4-4E1B-A377-18C3CFF3343E}.Debug|Any CPU.ActiveCfg = Debug|Any CPU
		{DE35F297-D4D4-4E1B-A377-18C3CFF3343E}.Debug|Any CPU.Build.0 = Debug|Any CPU
		{DE35F297-D4D4-4E1B-A377-18C3CFF3343E}.Debug|x64.ActiveCfg = Debug|Any CPU
		{DE35F297-D4D4-4E1B-A377-18C3CFF3343E}.Debug|x64.Build.0 = Debug|Any CPU
		{DE35F297-D4D4-4E1B-A377-18C3CFF3343E}.Debug|x86.ActiveCfg = Debug|Any CPU
		{DE35F297-D4D4-4E1B-A377-18C3CFF3343E}.Debug|x86.Build.0 = Debug|Any CPU
		{DE35F297-D4D4-4E1B-A377-18C3CFF3343E}.Release|Any CPU.ActiveCfg = Release|Any CPU
		{DE35F297-D4D4-4E1B-A377-18C3CFF3343E}.Release|Any CPU.Build.0 = Release|Any CPU
		{DE35F297-D4D4-4E1B-A377-18C3CFF3343E}.Release|x64.ActiveCfg = Release|Any CPU
		{DE35F297-D4D4-4E1B-A377-18C3CFF3343E}.Release|x64.Build.0 = Release|Any CPU
		{DE35F297-D4D4-4E1B-A377-18C3CFF3343E}.Release|x86.ActiveCfg = Release|Any CPU
		{DE35F297-D4D4-4E1B-A377-18C3CFF3343E}.Release|x86.Build.0 = Release|Any CPU
		{50A0E745-3C0D-454F-94FE-04F92CFCD4B7}.Debug|Any CPU.ActiveCfg = Debug|Any CPU
		{50A0E745-3C0D-454F-94FE-04F92CFCD4B7}.Debug|Any CPU.Build.0 = Debug|Any CPU
		{50A0E745-3C0D-454F-94FE-04F92CFCD4B7}.Debug|x64.ActiveCfg = Debug|Any CPU
		{50A0E745-3C0D-454F-94FE-04F92CFCD4B7}.Debug|x64.Build.0 = Debug|Any CPU
		{50A0E745-3C0D-454F-94FE-04F92CFCD4B7}.Debug|x86.ActiveCfg = Debug|Any CPU
		{50A0E745-3C0D-454F-94FE-04F92CFCD4B7}.Debug|x86.Build.0 = Debug|Any CPU
		{50A0E745-3C0D-454F-94FE-04F92CFCD4B7}.Release|Any CPU.ActiveCfg = Release|Any CPU
		{50A0E745-3C0D-454F-94FE-04F92CFCD4B7}.Release|Any CPU.Build.0 = Release|Any CPU
		{50A0E745-3C0D-454F-94FE-04F92CFCD4B7}.Release|x64.ActiveCfg = Release|Any CPU
		{50A0E745-3C0D-454F-94FE-04F92CFCD4B7}.Release|x64.Build.0 = Release|Any CPU
		{50A0E745-3C0D-454F-94FE-04F92CFCD4B7}.Release|x86.ActiveCfg = Release|Any CPU
		{50A0E745-3C0D-454F-94FE-04F92CFCD4B7}.Release|x86.Build.0 = Release|Any CPU
		{79CAFDF4-2C60-4DAC-B46A-44157C9AE83C}.Debug|Any CPU.ActiveCfg = Debug|Any CPU
		{79CAFDF4-2C60-4DAC-B46A-44157C9AE83C}.Debug|Any CPU.Build.0 = Debug|Any CPU
		{79CAFDF4-2C60-4DAC-B46A-44157C9AE83C}.Debug|x64.ActiveCfg = Debug|Any CPU
		{79CAFDF4-2C60-4DAC-B46A-44157C9AE83C}.Debug|x64.Build.0 = Debug|Any CPU
		{79CAFDF4-2C60-4DAC-B46A-44157C9AE83C}.Debug|x86.ActiveCfg = Debug|Any CPU
		{79CAFDF4-2C60-4DAC-B46A-44157C9AE83C}.Debug|x86.Build.0 = Debug|Any CPU
		{79CAFDF4-2C60-4DAC-B46A-44157C9AE83C}.Release|Any CPU.ActiveCfg = Release|Any CPU
		{79CAFDF4-2C60-4DAC-B46A-44157C9AE83C}.Release|Any CPU.Build.0 = Release|Any CPU
		{79CAFDF4-2C60-4DAC-B46A-44157C9AE83C}.Release|x64.ActiveCfg = Release|Any CPU
		{79CAFDF4-2C60-4DAC-B46A-44157C9AE83C}.Release|x64.Build.0 = Release|Any CPU
		{79CAFDF4-2C60-4DAC-B46A-44157C9AE83C}.Release|x86.ActiveCfg = Release|Any CPU
		{79CAFDF4-2C60-4DAC-B46A-44157C9AE83C}.Release|x86.Build.0 = Release|Any CPU
		{C45F2705-32E5-448E-8EB7-DA3AA7063C9D}.Debug|Any CPU.ActiveCfg = Debug|Any CPU
		{C45F2705-32E5-448E-8EB7-DA3AA7063C9D}.Debug|Any CPU.Build.0 = Debug|Any CPU
		{C45F2705-32E5-448E-8EB7-DA3AA7063C9D}.Debug|x64.ActiveCfg = Debug|Any CPU
		{C45F2705-32E5-448E-8EB7-DA3AA7063C9D}.Debug|x64.Build.0 = Debug|Any CPU
		{C45F2705-32E5-448E-8EB7-DA3AA7063C9D}.Debug|x86.ActiveCfg = Debug|Any CPU
		{C45F2705-32E5-448E-8EB7-DA3AA7063C9D}.Debug|x86.Build.0 = Debug|Any CPU
		{C45F2705-32E5-448E-8EB7-DA3AA7063C9D}.Release|Any CPU.ActiveCfg = Release|Any CPU
		{C45F2705-32E5-448E-8EB7-DA3AA7063C9D}.Release|Any CPU.Build.0 = Release|Any CPU
		{C45F2705-32E5-448E-8EB7-DA3AA7063C9D}.Release|x64.ActiveCfg = Release|Any CPU
		{C45F2705-32E5-448E-8EB7-DA3AA7063C9D}.Release|x64.Build.0 = Release|Any CPU
		{C45F2705-32E5-448E-8EB7-DA3AA7063C9D}.Release|x86.ActiveCfg = Release|Any CPU
		{C45F2705-32E5-448E-8EB7-DA3AA7063C9D}.Release|x86.Build.0 = Release|Any CPU
		{0E81B5F0-33B9-4BC7-9929-2C83FF20B7B9}.Debug|Any CPU.ActiveCfg = Debug|Any CPU
		{0E81B5F0-33B9-4BC7-9929-2C83FF20B7B9}.Debug|Any CPU.Build.0 = Debug|Any CPU
		{0E81B5F0-33B9-4BC7-9929-2C83FF20B7B9}.Debug|x64.ActiveCfg = Debug|Any CPU
		{0E81B5F0-33B9-4BC7-9929-2C83FF20B7B9}.Debug|x64.Build.0 = Debug|Any CPU
		{0E81B5F0-33B9-4BC7-9929-2C83FF20B7B9}.Debug|x86.ActiveCfg = Debug|Any CPU
		{0E81B5F0-33B9-4BC7-9929-2C83FF20B7B9}.Debug|x86.Build.0 = Debug|Any CPU
		{0E81B5F0-33B9-4BC7-9929-2C83FF20B7B9}.Release|Any CPU.ActiveCfg = Release|Any CPU
		{0E81B5F0-33B9-4BC7-9929-2C83FF20B7B9}.Release|Any CPU.Build.0 = Release|Any CPU
		{0E81B5F0-33B9-4BC7-9929-2C83FF20B7B9}.Release|x64.ActiveCfg = Release|Any CPU
		{0E81B5F0-33B9-4BC7-9929-2C83FF20B7B9}.Release|x64.Build.0 = Release|Any CPU
		{0E81B5F0-33B9-4BC7-9929-2C83FF20B7B9}.Release|x86.ActiveCfg = Release|Any CPU
		{0E81B5F0-33B9-4BC7-9929-2C83FF20B7B9}.Release|x86.Build.0 = Release|Any CPU
		{441DD6AC-87CB-4309-B822-C885517890D7}.Debug|Any CPU.ActiveCfg = Debug|Any CPU
		{441DD6AC-87CB-4309-B822-C885517890D7}.Debug|Any CPU.Build.0 = Debug|Any CPU
		{441DD6AC-87CB-4309-B822-C885517890D7}.Debug|x64.ActiveCfg = Debug|Any CPU
		{441DD6AC-87CB-4309-B822-C885517890D7}.Debug|x64.Build.0 = Debug|Any CPU
		{441DD6AC-87CB-4309-B822-C885517890D7}.Debug|x86.ActiveCfg = Debug|Any CPU
		{441DD6AC-87CB-4309-B822-C885517890D7}.Debug|x86.Build.0 = Debug|Any CPU
		{441DD6AC-87CB-4309-B822-C885517890D7}.Release|Any CPU.ActiveCfg = Release|Any CPU
		{441DD6AC-87CB-4309-B822-C885517890D7}.Release|Any CPU.Build.0 = Release|Any CPU
		{441DD6AC-87CB-4309-B822-C885517890D7}.Release|x64.ActiveCfg = Release|Any CPU
		{441DD6AC-87CB-4309-B822-C885517890D7}.Release|x64.Build.0 = Release|Any CPU
		{441DD6AC-87CB-4309-B822-C885517890D7}.Release|x86.ActiveCfg = Release|Any CPU
		{441DD6AC-87CB-4309-B822-C885517890D7}.Release|x86.Build.0 = Release|Any CPU
		{DE7B247E-40E6-4548-B5FD-41C0F801A9A7}.Debug|Any CPU.ActiveCfg = Debug|Any CPU
		{DE7B247E-40E6-4548-B5FD-41C0F801A9A7}.Debug|Any CPU.Build.0 = Debug|Any CPU
		{DE7B247E-40E6-4548-B5FD-41C0F801A9A7}.Debug|x64.ActiveCfg = Debug|Any CPU
		{DE7B247E-40E6-4548-B5FD-41C0F801A9A7}.Debug|x64.Build.0 = Debug|Any CPU
		{DE7B247E-40E6-4548-B5FD-41C0F801A9A7}.Debug|x86.ActiveCfg = Debug|Any CPU
		{DE7B247E-40E6-4548-B5FD-41C0F801A9A7}.Debug|x86.Build.0 = Debug|Any CPU
		{DE7B247E-40E6-4548-B5FD-41C0F801A9A7}.Release|Any CPU.ActiveCfg = Release|Any CPU
		{DE7B247E-40E6-4548-B5FD-41C0F801A9A7}.Release|Any CPU.Build.0 = Release|Any CPU
		{DE7B247E-40E6-4548-B5FD-41C0F801A9A7}.Release|x64.ActiveCfg = Release|Any CPU
		{DE7B247E-40E6-4548-B5FD-41C0F801A9A7}.Release|x64.Build.0 = Release|Any CPU
		{DE7B247E-40E6-4548-B5FD-41C0F801A9A7}.Release|x86.ActiveCfg = Release|Any CPU
		{DE7B247E-40E6-4548-B5FD-41C0F801A9A7}.Release|x86.Build.0 = Release|Any CPU
		{A5D46E31-C404-470D-B905-0F3B1284620C}.Debug|Any CPU.ActiveCfg = Debug|Any CPU
		{A5D46E31-C404-470D-B905-0F3B1284620C}.Debug|Any CPU.Build.0 = Debug|Any CPU
		{A5D46E31-C404-470D-B905-0F3B1284620C}.Debug|x64.ActiveCfg = Debug|Any CPU
		{A5D46E31-C404-470D-B905-0F3B1284620C}.Debug|x64.Build.0 = Debug|Any CPU
		{A5D46E31-C404-470D-B905-0F3B1284620C}.Debug|x86.ActiveCfg = Debug|Any CPU
		{A5D46E31-C404-470D-B905-0F3B1284620C}.Debug|x86.Build.0 = Debug|Any CPU
		{A5D46E31-C404-470D-B905-0F3B1284620C}.Release|Any CPU.ActiveCfg = Release|Any CPU
		{A5D46E31-C404-470D-B905-0F3B1284620C}.Release|Any CPU.Build.0 = Release|Any CPU
		{A5D46E31-C404-470D-B905-0F3B1284620C}.Release|x64.ActiveCfg = Release|Any CPU
		{A5D46E31-C404-470D-B905-0F3B1284620C}.Release|x64.Build.0 = Release|Any CPU
		{A5D46E31-C404-470D-B905-0F3B1284620C}.Release|x86.ActiveCfg = Release|Any CPU
		{A5D46E31-C404-470D-B905-0F3B1284620C}.Release|x86.Build.0 = Release|Any CPU
		{9738E66B-D217-456D-B0BA-A308FE6A49BD}.Debug|Any CPU.ActiveCfg = Debug|Any CPU
		{9738E66B-D217-456D-B0BA-A308FE6A49BD}.Debug|Any CPU.Build.0 = Debug|Any CPU
		{9738E66B-D217-456D-B0BA-A308FE6A49BD}.Debug|x64.ActiveCfg = Debug|Any CPU
		{9738E66B-D217-456D-B0BA-A308FE6A49BD}.Debug|x64.Build.0 = Debug|Any CPU
		{9738E66B-D217-456D-B0BA-A308FE6A49BD}.Debug|x86.ActiveCfg = Debug|Any CPU
		{9738E66B-D217-456D-B0BA-A308FE6A49BD}.Debug|x86.Build.0 = Debug|Any CPU
		{9738E66B-D217-456D-B0BA-A308FE6A49BD}.Release|Any CPU.ActiveCfg = Release|Any CPU
		{9738E66B-D217-456D-B0BA-A308FE6A49BD}.Release|Any CPU.Build.0 = Release|Any CPU
		{9738E66B-D217-456D-B0BA-A308FE6A49BD}.Release|x64.ActiveCfg = Release|Any CPU
		{9738E66B-D217-456D-B0BA-A308FE6A49BD}.Release|x64.Build.0 = Release|Any CPU
		{9738E66B-D217-456D-B0BA-A308FE6A49BD}.Release|x86.ActiveCfg = Release|Any CPU
		{9738E66B-D217-456D-B0BA-A308FE6A49BD}.Release|x86.Build.0 = Release|Any CPU
		{713DA8CF-A9F5-499A-945E-555F6637B9AB}.Debug|Any CPU.ActiveCfg = Debug|Any CPU
		{713DA8CF-A9F5-499A-945E-555F6637B9AB}.Debug|Any CPU.Build.0 = Debug|Any CPU
		{713DA8CF-A9F5-499A-945E-555F6637B9AB}.Debug|x64.ActiveCfg = Debug|Any CPU
		{713DA8CF-A9F5-499A-945E-555F6637B9AB}.Debug|x64.Build.0 = Debug|Any CPU
		{713DA8CF-A9F5-499A-945E-555F6637B9AB}.Debug|x86.ActiveCfg = Debug|Any CPU
		{713DA8CF-A9F5-499A-945E-555F6637B9AB}.Debug|x86.Build.0 = Debug|Any CPU
		{713DA8CF-A9F5-499A-945E-555F6637B9AB}.Release|Any CPU.ActiveCfg = Release|Any CPU
		{713DA8CF-A9F5-499A-945E-555F6637B9AB}.Release|Any CPU.Build.0 = Release|Any CPU
		{713DA8CF-A9F5-499A-945E-555F6637B9AB}.Release|x64.ActiveCfg = Release|Any CPU
		{713DA8CF-A9F5-499A-945E-555F6637B9AB}.Release|x64.Build.0 = Release|Any CPU
		{713DA8CF-A9F5-499A-945E-555F6637B9AB}.Release|x86.ActiveCfg = Release|Any CPU
		{713DA8CF-A9F5-499A-945E-555F6637B9AB}.Release|x86.Build.0 = Release|Any CPU
		{C5D3C405-5ADF-4B80-81EC-164D13793728}.Debug|Any CPU.ActiveCfg = Debug|Any CPU
		{C5D3C405-5ADF-4B80-81EC-164D13793728}.Debug|Any CPU.Build.0 = Debug|Any CPU
		{C5D3C405-5ADF-4B80-81EC-164D13793728}.Debug|x64.ActiveCfg = Debug|Any CPU
		{C5D3C405-5ADF-4B80-81EC-164D13793728}.Debug|x64.Build.0 = Debug|Any CPU
		{C5D3C405-5ADF-4B80-81EC-164D13793728}.Debug|x86.ActiveCfg = Debug|Any CPU
		{C5D3C405-5ADF-4B80-81EC-164D13793728}.Debug|x86.Build.0 = Debug|Any CPU
		{C5D3C405-5ADF-4B80-81EC-164D13793728}.Release|Any CPU.ActiveCfg = Release|Any CPU
		{C5D3C405-5ADF-4B80-81EC-164D13793728}.Release|Any CPU.Build.0 = Release|Any CPU
		{C5D3C405-5ADF-4B80-81EC-164D13793728}.Release|x64.ActiveCfg = Release|Any CPU
		{C5D3C405-5ADF-4B80-81EC-164D13793728}.Release|x64.Build.0 = Release|Any CPU
		{C5D3C405-5ADF-4B80-81EC-164D13793728}.Release|x86.ActiveCfg = Release|Any CPU
		{C5D3C405-5ADF-4B80-81EC-164D13793728}.Release|x86.Build.0 = Release|Any CPU
		{8CD0042A-8C05-440C-8390-596851A418E9}.Debug|Any CPU.ActiveCfg = Debug|Any CPU
		{8CD0042A-8C05-440C-8390-596851A418E9}.Debug|Any CPU.Build.0 = Debug|Any CPU
		{8CD0042A-8C05-440C-8390-596851A418E9}.Debug|x64.ActiveCfg = Debug|Any CPU
		{8CD0042A-8C05-440C-8390-596851A418E9}.Debug|x64.Build.0 = Debug|Any CPU
		{8CD0042A-8C05-440C-8390-596851A418E9}.Debug|x86.ActiveCfg = Debug|Any CPU
		{8CD0042A-8C05-440C-8390-596851A418E9}.Debug|x86.Build.0 = Debug|Any CPU
		{8CD0042A-8C05-440C-8390-596851A418E9}.Release|Any CPU.ActiveCfg = Release|Any CPU
		{8CD0042A-8C05-440C-8390-596851A418E9}.Release|Any CPU.Build.0 = Release|Any CPU
		{8CD0042A-8C05-440C-8390-596851A418E9}.Release|x64.ActiveCfg = Release|Any CPU
		{8CD0042A-8C05-440C-8390-596851A418E9}.Release|x64.Build.0 = Release|Any CPU
		{8CD0042A-8C05-440C-8390-596851A418E9}.Release|x86.ActiveCfg = Release|Any CPU
		{8CD0042A-8C05-440C-8390-596851A418E9}.Release|x86.Build.0 = Release|Any CPU
		{7B49293C-42E9-407D-9F8B-9CEBE9CC5220}.Debug|Any CPU.ActiveCfg = Debug|Any CPU
		{7B49293C-42E9-407D-9F8B-9CEBE9CC5220}.Debug|Any CPU.Build.0 = Debug|Any CPU
		{7B49293C-42E9-407D-9F8B-9CEBE9CC5220}.Debug|x64.ActiveCfg = Debug|Any CPU
		{7B49293C-42E9-407D-9F8B-9CEBE9CC5220}.Debug|x64.Build.0 = Debug|Any CPU
		{7B49293C-42E9-407D-9F8B-9CEBE9CC5220}.Debug|x86.ActiveCfg = Debug|Any CPU
		{7B49293C-42E9-407D-9F8B-9CEBE9CC5220}.Debug|x86.Build.0 = Debug|Any CPU
		{7B49293C-42E9-407D-9F8B-9CEBE9CC5220}.Release|Any CPU.ActiveCfg = Release|Any CPU
		{7B49293C-42E9-407D-9F8B-9CEBE9CC5220}.Release|Any CPU.Build.0 = Release|Any CPU
		{7B49293C-42E9-407D-9F8B-9CEBE9CC5220}.Release|x64.ActiveCfg = Release|Any CPU
		{7B49293C-42E9-407D-9F8B-9CEBE9CC5220}.Release|x64.Build.0 = Release|Any CPU
		{7B49293C-42E9-407D-9F8B-9CEBE9CC5220}.Release|x86.ActiveCfg = Release|Any CPU
		{7B49293C-42E9-407D-9F8B-9CEBE9CC5220}.Release|x86.Build.0 = Release|Any CPU
		{3E1CC9C7-2409-43C3-9876-AFDFE5AA2E16}.Debug|Any CPU.ActiveCfg = Debug|Any CPU
		{3E1CC9C7-2409-43C3-9876-AFDFE5AA2E16}.Debug|Any CPU.Build.0 = Debug|Any CPU
		{3E1CC9C7-2409-43C3-9876-AFDFE5AA2E16}.Debug|x64.ActiveCfg = Debug|Any CPU
		{3E1CC9C7-2409-43C3-9876-AFDFE5AA2E16}.Debug|x64.Build.0 = Debug|Any CPU
		{3E1CC9C7-2409-43C3-9876-AFDFE5AA2E16}.Debug|x86.ActiveCfg = Debug|Any CPU
		{3E1CC9C7-2409-43C3-9876-AFDFE5AA2E16}.Debug|x86.Build.0 = Debug|Any CPU
		{3E1CC9C7-2409-43C3-9876-AFDFE5AA2E16}.Release|Any CPU.ActiveCfg = Release|Any CPU
		{3E1CC9C7-2409-43C3-9876-AFDFE5AA2E16}.Release|Any CPU.Build.0 = Release|Any CPU
		{3E1CC9C7-2409-43C3-9876-AFDFE5AA2E16}.Release|x64.ActiveCfg = Release|Any CPU
		{3E1CC9C7-2409-43C3-9876-AFDFE5AA2E16}.Release|x64.Build.0 = Release|Any CPU
		{3E1CC9C7-2409-43C3-9876-AFDFE5AA2E16}.Release|x86.ActiveCfg = Release|Any CPU
		{3E1CC9C7-2409-43C3-9876-AFDFE5AA2E16}.Release|x86.Build.0 = Release|Any CPU
		{349F4B47-1EBA-4155-9D33-05353C767C12}.Debug|Any CPU.ActiveCfg = Debug|Any CPU
		{349F4B47-1EBA-4155-9D33-05353C767C12}.Debug|Any CPU.Build.0 = Debug|Any CPU
		{349F4B47-1EBA-4155-9D33-05353C767C12}.Debug|x64.ActiveCfg = Debug|Any CPU
		{349F4B47-1EBA-4155-9D33-05353C767C12}.Debug|x64.Build.0 = Debug|Any CPU
		{349F4B47-1EBA-4155-9D33-05353C767C12}.Debug|x86.ActiveCfg = Debug|Any CPU
		{349F4B47-1EBA-4155-9D33-05353C767C12}.Debug|x86.Build.0 = Debug|Any CPU
		{349F4B47-1EBA-4155-9D33-05353C767C12}.Release|Any CPU.ActiveCfg = Release|Any CPU
		{349F4B47-1EBA-4155-9D33-05353C767C12}.Release|Any CPU.Build.0 = Release|Any CPU
		{349F4B47-1EBA-4155-9D33-05353C767C12}.Release|x64.ActiveCfg = Release|Any CPU
		{349F4B47-1EBA-4155-9D33-05353C767C12}.Release|x64.Build.0 = Release|Any CPU
		{349F4B47-1EBA-4155-9D33-05353C767C12}.Release|x86.ActiveCfg = Release|Any CPU
		{349F4B47-1EBA-4155-9D33-05353C767C12}.Release|x86.Build.0 = Release|Any CPU
		{42D69D4C-AAD0-4A58-AB1B-6AEA392DB412}.Debug|Any CPU.ActiveCfg = Debug|Any CPU
		{42D69D4C-AAD0-4A58-AB1B-6AEA392DB412}.Debug|Any CPU.Build.0 = Debug|Any CPU
		{42D69D4C-AAD0-4A58-AB1B-6AEA392DB412}.Debug|x64.ActiveCfg = Debug|Any CPU
		{42D69D4C-AAD0-4A58-AB1B-6AEA392DB412}.Debug|x64.Build.0 = Debug|Any CPU
		{42D69D4C-AAD0-4A58-AB1B-6AEA392DB412}.Debug|x86.ActiveCfg = Debug|Any CPU
		{42D69D4C-AAD0-4A58-AB1B-6AEA392DB412}.Debug|x86.Build.0 = Debug|Any CPU
		{42D69D4C-AAD0-4A58-AB1B-6AEA392DB412}.Release|Any CPU.ActiveCfg = Release|Any CPU
		{42D69D4C-AAD0-4A58-AB1B-6AEA392DB412}.Release|Any CPU.Build.0 = Release|Any CPU
		{42D69D4C-AAD0-4A58-AB1B-6AEA392DB412}.Release|x64.ActiveCfg = Release|Any CPU
		{42D69D4C-AAD0-4A58-AB1B-6AEA392DB412}.Release|x64.Build.0 = Release|Any CPU
		{42D69D4C-AAD0-4A58-AB1B-6AEA392DB412}.Release|x86.ActiveCfg = Release|Any CPU
		{42D69D4C-AAD0-4A58-AB1B-6AEA392DB412}.Release|x86.Build.0 = Release|Any CPU
		{38A06834-334A-48B4-BF55-8914822B9026}.Debug|Any CPU.ActiveCfg = Debug|Any CPU
		{38A06834-334A-48B4-BF55-8914822B9026}.Debug|Any CPU.Build.0 = Debug|Any CPU
		{38A06834-334A-48B4-BF55-8914822B9026}.Debug|x64.ActiveCfg = Debug|Any CPU
		{38A06834-334A-48B4-BF55-8914822B9026}.Debug|x64.Build.0 = Debug|Any CPU
		{38A06834-334A-48B4-BF55-8914822B9026}.Debug|x86.ActiveCfg = Debug|Any CPU
		{38A06834-334A-48B4-BF55-8914822B9026}.Debug|x86.Build.0 = Debug|Any CPU
		{38A06834-334A-48B4-BF55-8914822B9026}.Release|Any CPU.ActiveCfg = Release|Any CPU
		{38A06834-334A-48B4-BF55-8914822B9026}.Release|Any CPU.Build.0 = Release|Any CPU
		{38A06834-334A-48B4-BF55-8914822B9026}.Release|x64.ActiveCfg = Release|Any CPU
		{38A06834-334A-48B4-BF55-8914822B9026}.Release|x64.Build.0 = Release|Any CPU
		{38A06834-334A-48B4-BF55-8914822B9026}.Release|x86.ActiveCfg = Release|Any CPU
		{38A06834-334A-48B4-BF55-8914822B9026}.Release|x86.Build.0 = Release|Any CPU
		{A3F02CC4-92CA-42AD-8E46-917308FBEFAE}.Debug|Any CPU.ActiveCfg = Debug|Any CPU
		{A3F02CC4-92CA-42AD-8E46-917308FBEFAE}.Debug|Any CPU.Build.0 = Debug|Any CPU
		{A3F02CC4-92CA-42AD-8E46-917308FBEFAE}.Debug|x64.ActiveCfg = Debug|Any CPU
		{A3F02CC4-92CA-42AD-8E46-917308FBEFAE}.Debug|x64.Build.0 = Debug|Any CPU
		{A3F02CC4-92CA-42AD-8E46-917308FBEFAE}.Debug|x86.ActiveCfg = Debug|Any CPU
		{A3F02CC4-92CA-42AD-8E46-917308FBEFAE}.Debug|x86.Build.0 = Debug|Any CPU
		{A3F02CC4-92CA-42AD-8E46-917308FBEFAE}.Release|Any CPU.ActiveCfg = Release|Any CPU
		{A3F02CC4-92CA-42AD-8E46-917308FBEFAE}.Release|Any CPU.Build.0 = Release|Any CPU
		{A3F02CC4-92CA-42AD-8E46-917308FBEFAE}.Release|x64.ActiveCfg = Release|Any CPU
		{A3F02CC4-92CA-42AD-8E46-917308FBEFAE}.Release|x64.Build.0 = Release|Any CPU
		{A3F02CC4-92CA-42AD-8E46-917308FBEFAE}.Release|x86.ActiveCfg = Release|Any CPU
		{A3F02CC4-92CA-42AD-8E46-917308FBEFAE}.Release|x86.Build.0 = Release|Any CPU
		{78FFFE51-BFA7-471F-AEF3-FE51E0B5EF4D}.Debug|Any CPU.ActiveCfg = Debug|Any CPU
		{78FFFE51-BFA7-471F-AEF3-FE51E0B5EF4D}.Debug|Any CPU.Build.0 = Debug|Any CPU
		{78FFFE51-BFA7-471F-AEF3-FE51E0B5EF4D}.Debug|x64.ActiveCfg = Debug|Any CPU
		{78FFFE51-BFA7-471F-AEF3-FE51E0B5EF4D}.Debug|x64.Build.0 = Debug|Any CPU
		{78FFFE51-BFA7-471F-AEF3-FE51E0B5EF4D}.Debug|x86.ActiveCfg = Debug|Any CPU
		{78FFFE51-BFA7-471F-AEF3-FE51E0B5EF4D}.Debug|x86.Build.0 = Debug|Any CPU
		{78FFFE51-BFA7-471F-AEF3-FE51E0B5EF4D}.Release|Any CPU.ActiveCfg = Release|Any CPU
		{78FFFE51-BFA7-471F-AEF3-FE51E0B5EF4D}.Release|Any CPU.Build.0 = Release|Any CPU
		{78FFFE51-BFA7-471F-AEF3-FE51E0B5EF4D}.Release|x64.ActiveCfg = Release|Any CPU
		{78FFFE51-BFA7-471F-AEF3-FE51E0B5EF4D}.Release|x64.Build.0 = Release|Any CPU
		{78FFFE51-BFA7-471F-AEF3-FE51E0B5EF4D}.Release|x86.ActiveCfg = Release|Any CPU
		{78FFFE51-BFA7-471F-AEF3-FE51E0B5EF4D}.Release|x86.Build.0 = Release|Any CPU
	EndGlobalSection
	GlobalSection(SolutionProperties) = preSolution
		HideSolutionNode = FALSE
	EndGlobalSection
	GlobalSection(NestedProjects) = preSolution
		{0A3E987B-98C3-8C4E-5D00-0242529CE33D} = {C92C2A6C-C7DF-3B17-8CE7-85FC08468CCF}
		{194359D6-A9FD-4BFA-905B-2AC487E431FF} = {0A3E987B-98C3-8C4E-5D00-0242529CE33D}
		{71D6F9FB-C74F-4B3B-A927-66FB319B6F7F} = {0A3E987B-98C3-8C4E-5D00-0242529CE33D}
		{E16BDA67-E2C0-49EC-972E-968FB571E15E} = {0A3E987B-98C3-8C4E-5D00-0242529CE33D}
		{DE35F297-D4D4-4E1B-A377-18C3CFF3343E} = {0A3E987B-98C3-8C4E-5D00-0242529CE33D}
		{30993AEE-98A1-529F-B564-95C3EB406259} = {0BAE62A9-2200-0262-2CB5-8EE825167370}
		{50A0E745-3C0D-454F-94FE-04F92CFCD4B7} = {30993AEE-98A1-529F-B564-95C3EB406259}
		{79CAFDF4-2C60-4DAC-B46A-44157C9AE83C} = {30993AEE-98A1-529F-B564-95C3EB406259}
		{C45F2705-32E5-448E-8EB7-DA3AA7063C9D} = {30993AEE-98A1-529F-B564-95C3EB406259}
		{3300A5C5-5B0B-B0E6-31E3-5EA9EF726706} = {08854D1C-5B57-A4E0-3B1A-5DD2FFC762D9}
		{0E81B5F0-33B9-4BC7-9929-2C83FF20B7B9} = {3300A5C5-5B0B-B0E6-31E3-5EA9EF726706}
		{441DD6AC-87CB-4309-B822-C885517890D7} = {3300A5C5-5B0B-B0E6-31E3-5EA9EF726706}
		{DE7B247E-40E6-4548-B5FD-41C0F801A9A7} = {3300A5C5-5B0B-B0E6-31E3-5EA9EF726706}
		{FC00E685-75D2-EA3D-F243-8B052DAB944E} = {AFAECB77-D563-C1CF-F218-07924D861B1B}
		{A5D46E31-C404-470D-B905-0F3B1284620C} = {FC00E685-75D2-EA3D-F243-8B052DAB944E}
		{9738E66B-D217-456D-B0BA-A308FE6A49BD} = {FC00E685-75D2-EA3D-F243-8B052DAB944E}
		{713DA8CF-A9F5-499A-945E-555F6637B9AB} = {FC00E685-75D2-EA3D-F243-8B052DAB944E}
		{C5D3C405-5ADF-4B80-81EC-164D13793728} = {FC00E685-75D2-EA3D-F243-8B052DAB944E}
		{A81BDA42-A75C-12E6-ABAA-41A5AD3336A6} = {0033E7E9-0B62-6D2D-1DC5-6C7EBAE95B87}
		{8CD0042A-8C05-440C-8390-596851A418E9} = {A81BDA42-A75C-12E6-ABAA-41A5AD3336A6}
		{7B49293C-42E9-407D-9F8B-9CEBE9CC5220} = {A81BDA42-A75C-12E6-ABAA-41A5AD3336A6}
		{3E1CC9C7-2409-43C3-9876-AFDFE5AA2E16} = {A81BDA42-A75C-12E6-ABAA-41A5AD3336A6}
		{349F4B47-1EBA-4155-9D33-05353C767C12} = {A81BDA42-A75C-12E6-ABAA-41A5AD3336A6}
		{6AE86F67-C325-7437-E2AE-1756BD4C81CE} = {9345ADAE-A5B8-1E01-01D2-6B7F5DA267E9}
		{42D69D4C-AAD0-4A58-AB1B-6AEA392DB412} = {6AE86F67-C325-7437-E2AE-1756BD4C81CE}
		{38A06834-334A-48B4-BF55-8914822B9026} = {6AE86F67-C325-7437-E2AE-1756BD4C81CE}
		{A3F02CC4-92CA-42AD-8E46-917308FBEFAE} = {6AE86F67-C325-7437-E2AE-1756BD4C81CE}
		{78FFFE51-BFA7-471F-AEF3-FE51E0B5EF4D} = {6AE86F67-C325-7437-E2AE-1756BD4C81CE}
	EndGlobalSection
EndGlobal
