
Microsoft Visual Studio Solution File, Format Version 12.00
# Visual Studio Version 17
VisualStudioVersion = 17.0.31903.59
MinimumVisualStudioVersion = 10.0.40219.1
Project("{2150E333-8FDC-42A3-9474-1A3956D46DE8}") = "services", "services", "{5854FF58-B8C5-05C6-5BF2-ACE42193F22B}"
EndProject
Project("{2150E333-8FDC-42A3-9474-1A3956D46DE8}") = "IdentityService", "IdentityService", "{DD206F60-1FAF-ED75-6FA2-9D7982884EA4}"
EndProject
Project("{2150E333-8FDC-42A3-9474-1A3956D46DE8}") = "src", "src", "{4625D0C9-D0BC-ACCB-2B66-3BF05A513C50}"
EndProject
Project("{FAE04EC0-301F-11D3-BF4B-00C04F79EFBC}") = "IdentityService.Api", "services\IdentityService\src\IdentityService.Api\IdentityService.Api.csproj", "{57CD39D9-F79E-4B4D-9FD8-4F2F17819BAD}"
EndProject
Project("{FAE04EC0-301F-11D3-BF4B-00C04F79EFBC}") = "IdentityService.Application", "services\IdentityService\src\IdentityService.Application\IdentityService.Application.csproj", "{308371AD-593E-46B8-9A93-93CE4427F3AA}"
EndProject
Project("{FAE04EC0-301F-11D3-BF4B-00C04F79EFBC}") = "IdentityService.Domain", "services\IdentityService\src\IdentityService.Domain\IdentityService.Domain.csproj", "{082BB491-8632-46B1-975E-0F2D65865FF1}"
EndProject
Project("{FAE04EC0-301F-11D3-BF4B-00C04F79EFBC}") = "IdentityService.Infrastructure", "services\IdentityService\src\IdentityService.Infrastructure\IdentityService.Infrastructure.csproj", "{9439F83F-7C07-4793-BF4C-3A4F5F8BDC0A}"
EndProject
Project("{2150E333-8FDC-42A3-9474-1A3956D46DE8}") = "NotificationService", "NotificationService", "{74E836B4-46B0-66C7-E002-0B58C90F8616}"
EndProject
Project("{2150E333-8FDC-42A3-9474-1A3956D46DE8}") = "src", "src", "{BACDCE95-09A6-ABF6-B518-4C59AD58864A}"
EndProject
Project("{FAE04EC0-301F-11D3-BF4B-00C04F79EFBC}") = "NotificationService.Application", "services\NotificationService\src\NotificationService.Application\NotificationService.Application.csproj", "{D43AD265-4B34-49A8-8B50-E86E5F7413DF}"
EndProject
Project("{FAE04EC0-301F-11D3-BF4B-00C04F79EFBC}") = "NotificationService.Infrastructure", "services\NotificationService\src\NotificationService.Infrastructure\NotificationService.Infrastructure.csproj", "{15906A2B-B619-4265-8E34-2A9D6E5D8D57}"
EndProject
Project("{FAE04EC0-301F-11D3-BF4B-00C04F79EFBC}") = "NotificationService.Api", "services\NotificationService\src\NotificationService.Api\NotificationService.Api.csproj", "{6A07B435-1E17-4BE5-B4FB-D842949240CA}"
EndProject
Project("{2150E333-8FDC-42A3-9474-1A3956D46DE8}") = "IntegrationService", "IntegrationService", "{B4759EA5-3746-CADC-71D9-E46DC9F56291}"
EndProject
Project("{2150E333-8FDC-42A3-9474-1A3956D46DE8}") = "src", "src", "{45DC9D0A-76FB-11DF-5231-1E7A3CE55834}"
EndProject
Project("{FAE04EC0-301F-11D3-BF4B-00C04F79EFBC}") = "IntegrationService.Api", "services\IntegrationService\src\IntegrationService.Api\IntegrationService.Api.csproj", "{FD881A09-82D3-471C-A521-3A3C8F3128C7}"
EndProject
Project("{FAE04EC0-301F-11D3-BF4B-00C04F79EFBC}") = "IntegrationService.Application", "services\IntegrationService\src\IntegrationService.Application\IntegrationService.Application.csproj", "{009D7D24-B136-496A-A450-4995ED81028D}"
EndProject
Project("{FAE04EC0-301F-11D3-BF4B-00C04F79EFBC}") = "IntegrationService.Infrastructure", "services\IntegrationService\src\IntegrationService.Infrastructure\IntegrationService.Infrastructure.csproj", "{A18AF2AB-1EFA-4DED-85E1-E2D9FF9ACC58}"
EndProject
Project("{2150E333-8FDC-42A3-9474-1A3956D46DE8}") = "ConversationService", "ConversationService", "{4B4A30FC-50F9-AB6E-EA19-DE247E2252F1}"
EndProject
Project("{2150E333-8FDC-42A3-9474-1A3956D46DE8}") = "src", "src", "{553CB4CE-7E1D-9451-8F52-215C20CE9A3D}"
EndProject
Project("{FAE04EC0-301F-11D3-BF4B-00C04F79EFBC}") = "ConversationService.Infrastructure", "services\ConversationService\src\ConversationService.Infrastructure\ConversationService.Infrastructure.csproj", "{68896AFF-20BB-42C6-9B16-0716E90C6CA2}"
EndProject
Project("{FAE04EC0-301F-11D3-BF4B-00C04F79EFBC}") = "ConversationService.Domain", "services\ConversationService\src\ConversationService.Domain\ConversationService.Domain.csproj", "{BC8A4013-694D-4129-AC9F-DD599BC43610}"
EndProject
Project("{FAE04EC0-301F-11D3-BF4B-00C04F79EFBC}") = "ConversationService.Application", "services\ConversationService\src\ConversationService.Application\ConversationService.Application.csproj", "{86F2538F-17A9-44C7-A401-C4364B900F8D}"
EndProject
Project("{FAE04EC0-301F-11D3-BF4B-00C04F79EFBC}") = "ConversationService.Api", "services\ConversationService\src\ConversationService.Api\ConversationService.Api.csproj", "{A769EEC5-FBD2-4C5B-8C44-D6C3070FCDD0}"
EndProject
Project("{2150E333-8FDC-42A3-9474-1A3956D46DE8}") = "KnowledgeBaseService", "KnowledgeBaseService", "{F5EDC9CB-DE8F-EF00-0C13-61A5C9CD8DCC}"
EndProject
Project("{2150E333-8FDC-42A3-9474-1A3956D46DE8}") = "src", "src", "{668F8148-7B8B-4D01-AA7B-0C565B0A0C43}"
EndProject
Project("{FAE04EC0-301F-11D3-BF4B-00C04F79EFBC}") = "KnowledgeBaseService.Infrastructure", "services\KnowledgeBaseService\src\KnowledgeBaseService.Infrastructure\KnowledgeBaseService.Infrastructure.csproj", "{A7C6FDB2-0CF6-447D-8675-FE1977DABC6F}"
EndProject
Project("{FAE04EC0-301F-11D3-BF4B-00C04F79EFBC}") = "KnowledgeBaseService.Application", "services\KnowledgeBaseService\src\KnowledgeBaseService.Application\KnowledgeBaseService.Application.csproj", "{9976C1FE-370B-403D-9DBE-EB6EAABA285C}"
EndProject
Project("{FAE04EC0-301F-11D3-BF4B-00C04F79EFBC}") = "KnowledgeBaseService.Domain", "services\KnowledgeBaseService\src\KnowledgeBaseService.Domain\KnowledgeBaseService.Domain.csproj", "{CB88D3ED-FD8A-4A53-B4FD-C0129638FFA0}"
EndProject
Project("{FAE04EC0-301F-11D3-BF4B-00C04F79EFBC}") = "KnowledgeBaseService.Api", "services\KnowledgeBaseService\src\KnowledgeBaseService.Api\KnowledgeBaseService.Api.csproj", "{386C40AB-DC55-45B5-8CBA-D2239AE68C50}"
EndProject
Project("{2150E333-8FDC-42A3-9474-1A3956D46DE8}") = "AgentOrchestratorService", "AgentOrchestratorService", "{4066F7EE-48C9-6E01-9F25-FCF4A08F04FF}"
EndProject
Project("{2150E333-8FDC-42A3-9474-1A3956D46DE8}") = "src", "src", "{837E6F12-E7EE-9B30-9B5A-0F39BDD64A54}"
EndProject
Project("{FAE04EC0-301F-11D3-BF4B-00C04F79EFBC}") = "AgentOrchestratorService.Api", "services\AgentOrchestratorService\src\AgentOrchestratorService.Api\AgentOrchestratorService.Api.csproj", "{E87F3330-007C-4294-BC81-47D8DEB2273C}"
EndProject
Project("{FAE04EC0-301F-11D3-BF4B-00C04F79EFBC}") = "AgentOrchestratorService.Application", "services\AgentOrchestratorService\src\AgentOrchestratorService.Application\AgentOrchestratorService.Application.csproj", "{88B81E54-4556-4BD1-A00E-1FCA27E1B7B0}"
EndProject
Project("{FAE04EC0-301F-11D3-BF4B-00C04F79EFBC}") = "AgentOrchestratorService.Domain", "services\AgentOrchestratorService\src\AgentOrchestratorService.Domain\AgentOrchestratorService.Domain.csproj", "{55841D23-8EBE-43B2-B0AE-53CA8C0DEC35}"
EndProject
Project("{FAE04EC0-301F-11D3-BF4B-00C04F79EFBC}") = "AgentOrchestratorService.Infrastructure", "services\AgentOrchestratorService\src\AgentOrchestratorService.Infrastructure\AgentOrchestratorService.Infrastructure.csproj", "{723E50AA-0FFB-4384-8721-097703DABFD5}"
EndProject
Project("{2150E333-8FDC-42A3-9474-1A3956D46DE8}") = "building-blocks", "building-blocks", "{31CBEB51-93DC-9CA1-DA8D-67643319BEE1}"
EndProject
Project("{FAE04EC0-301F-11D3-BF4B-00C04F79EFBC}") = "AssistHub.BuildingBlocks", "building-blocks\AssistHub.BuildingBlocks\AssistHub.BuildingBlocks.csproj", "{CC71CC26-E323-45B1-A278-ADF40164EFC2}"
EndProject
Global
	GlobalSection(SolutionConfigurationPlatforms) = preSolution
		Debug|Any CPU = Debug|Any CPU
		Debug|x64 = Debug|x64
		Debug|x86 = Debug|x86
		Release|Any CPU = Release|Any CPU
		Release|x64 = Release|x64
		Release|x86 = Release|x86
	EndGlobalSection
	GlobalSection(ProjectConfigurationPlatforms) = postSolution
		{57CD39D9-F79E-4B4D-9FD8-4F2F17819BAD}.Debug|Any CPU.ActiveCfg = Debug|Any CPU
		{57CD39D9-F79E-4B4D-9FD8-4F2F17819BAD}.Debug|Any CPU.Build.0 = Debug|Any CPU
		{57CD39D9-F79E-4B4D-9FD8-4F2F17819BAD}.Debug|x64.ActiveCfg = Debug|Any CPU
		{57CD39D9-F79E-4B4D-9FD8-4F2F17819BAD}.Debug|x64.Build.0 = Debug|Any CPU
		{57CD39D9-F79E-4B4D-9FD8-4F2F17819BAD}.Debug|x86.ActiveCfg = Debug|Any CPU
		{57CD39D9-F79E-4B4D-9FD8-4F2F17819BAD}.Debug|x86.Build.0 = Debug|Any CPU
		{57CD39D9-F79E-4B4D-9FD8-4F2F17819BAD}.Release|Any CPU.ActiveCfg = Release|Any CPU
		{57CD39D9-F79E-4B4D-9FD8-4F2F17819BAD}.Release|Any CPU.Build.0 = Release|Any CPU
		{57CD39D9-F79E-4B4D-9FD8-4F2F17819BAD}.Release|x64.ActiveCfg = Release|Any CPU
		{57CD39D9-F79E-4B4D-9FD8-4F2F17819BAD}.Release|x64.Build.0 = Release|Any CPU
		{57CD39D9-F79E-4B4D-9FD8-4F2F17819BAD}.Release|x86.ActiveCfg = Release|Any CPU
		{57CD39D9-F79E-4B4D-9FD8-4F2F17819BAD}.Release|x86.Build.0 = Release|Any CPU
		{308371AD-593E-46B8-9A93-93CE4427F3AA}.Debug|Any CPU.ActiveCfg = Debug|Any CPU
		{308371AD-593E-46B8-9A93-93CE4427F3AA}.Debug|Any CPU.Build.0 = Debug|Any CPU
		{308371AD-593E-46B8-9A93-93CE4427F3AA}.Debug|x64.ActiveCfg = Debug|Any CPU
		{308371AD-593E-46B8-9A93-93CE4427F3AA}.Debug|x64.Build.0 = Debug|Any CPU
		{308371AD-593E-46B8-9A93-93CE4427F3AA}.Debug|x86.ActiveCfg = Debug|Any CPU
		{308371AD-593E-46B8-9A93-93CE4427F3AA}.Debug|x86.Build.0 = Debug|Any CPU
		{308371AD-593E-46B8-9A93-93CE4427F3AA}.Release|Any CPU.ActiveCfg = Release|Any CPU
		{308371AD-593E-46B8-9A93-93CE4427F3AA}.Release|Any CPU.Build.0 = Release|Any CPU
		{308371AD-593E-46B8-9A93-93CE4427F3AA}.Release|x64.ActiveCfg = Release|Any CPU
		{308371AD-593E-46B8-9A93-93CE4427F3AA}.Release|x64.Build.0 = Release|Any CPU
		{308371AD-593E-46B8-9A93-93CE4427F3AA}.Release|x86.ActiveCfg = Release|Any CPU
		{308371AD-593E-46B8-9A93-93CE4427F3AA}.Release|x86.Build.0 = Release|Any CPU
		{082BB491-8632-46B1-975E-0F2D65865FF1}.Debug|Any CPU.ActiveCfg = Debug|Any CPU
		{082BB491-8632-46B1-975E-0F2D65865FF1}.Debug|Any CPU.Build.0 = Debug|Any CPU
		{082BB491-8632-46B1-975E-0F2D65865FF1}.Debug|x64.ActiveCfg = Debug|Any CPU
		{082BB491-8632-46B1-975E-0F2D65865FF1}.Debug|x64.Build.0 = Debug|Any CPU
		{082BB491-8632-46B1-975E-0F2D65865FF1}.Debug|x86.ActiveCfg = Debug|Any CPU
		{082BB491-8632-46B1-975E-0F2D65865FF1}.Debug|x86.Build.0 = Debug|Any CPU
		{082BB491-8632-46B1-975E-0F2D65865FF1}.Release|Any CPU.ActiveCfg = Release|Any CPU
		{082BB491-8632-46B1-975E-0F2D65865FF1}.Release|Any CPU.Build.0 = Release|Any CPU
		{082BB491-8632-46B1-975E-0F2D65865FF1}.Release|x64.ActiveCfg = Release|Any CPU
		{082BB491-8632-46B1-975E-0F2D65865FF1}.Release|x64.Build.0 = Release|Any CPU
		{082BB491-8632-46B1-975E-0F2D65865FF1}.Release|x86.ActiveCfg = Release|Any CPU
		{082BB491-8632-46B1-975E-0F2D65865FF1}.Release|x86.Build.0 = Release|Any CPU
		{9439F83F-7C07-4793-BF4C-3A4F5F8BDC0A}.Debug|Any CPU.ActiveCfg = Debug|Any CPU
		{9439F83F-7C07-4793-BF4C-3A4F5F8BDC0A}.Debug|Any CPU.Build.0 = Debug|Any CPU
		{9439F83F-7C07-4793-BF4C-3A4F5F8BDC0A}.Debug|x64.ActiveCfg = Debug|Any CPU
		{9439F83F-7C07-4793-BF4C-3A4F5F8BDC0A}.Debug|x64.Build.0 = Debug|Any CPU
		{9439F83F-7C07-4793-BF4C-3A4F5F8BDC0A}.Debug|x86.ActiveCfg = Debug|Any CPU
		{9439F83F-7C07-4793-BF4C-3A4F5F8BDC0A}.Debug|x86.Build.0 = Debug|Any CPU
		{9439F83F-7C07-4793-BF4C-3A4F5F8BDC0A}.Release|Any CPU.ActiveCfg = Release|Any CPU
		{9439F83F-7C07-4793-BF4C-3A4F5F8BDC0A}.Release|Any CPU.Build.0 = Release|Any CPU
		{9439F83F-7C07-4793-BF4C-3A4F5F8BDC0A}.Release|x64.ActiveCfg = Release|Any CPU
		{9439F83F-7C07-4793-BF4C-3A4F5F8BDC0A}.Release|x64.Build.0 = Release|Any CPU
		{9439F83F-7C07-4793-BF4C-3A4F5F8BDC0A}.Release|x86.ActiveCfg = Release|Any CPU
		{9439F83F-7C07-4793-BF4C-3A4F5F8BDC0A}.Release|x86.Build.0 = Release|Any CPU
		{D43AD265-4B34-49A8-8B50-E86E5F7413DF}.Debug|Any CPU.ActiveCfg = Debug|Any CPU
		{D43AD265-4B34-49A8-8B50-E86E5F7413DF}.Debug|Any CPU.Build.0 = Debug|Any CPU
		{D43AD265-4B34-49A8-8B50-E86E5F7413DF}.Debug|x64.ActiveCfg = Debug|Any CPU
		{D43AD265-4B34-49A8-8B50-E86E5F7413DF}.Debug|x64.Build.0 = Debug|Any CPU
		{D43AD265-4B34-49A8-8B50-E86E5F7413DF}.Debug|x86.ActiveCfg = Debug|Any CPU
		{D43AD265-4B34-49A8-8B50-E86E5F7413DF}.Debug|x86.Build.0 = Debug|Any CPU
		{D43AD265-4B34-49A8-8B50-E86E5F7413DF}.Release|Any CPU.ActiveCfg = Release|Any CPU
		{D43AD265-4B34-49A8-8B50-E86E5F7413DF}.Release|Any CPU.Build.0 = Release|Any CPU
		{D43AD265-4B34-49A8-8B50-E86E5F7413DF}.Release|x64.ActiveCfg = Release|Any CPU
		{D43AD265-4B34-49A8-8B50-E86E5F7413DF}.Release|x64.Build.0 = Release|Any CPU
		{D43AD265-4B34-49A8-8B50-E86E5F7413DF}.Release|x86.ActiveCfg = Release|Any CPU
		{D43AD265-4B34-49A8-8B50-E86E5F7413DF}.Release|x86.Build.0 = Release|Any CPU
		{15906A2B-B619-4265-8E34-2A9D6E5D8D57}.Debug|Any CPU.ActiveCfg = Debug|Any CPU
		{15906A2B-B619-4265-8E34-2A9D6E5D8D57}.Debug|Any CPU.Build.0 = Debug|Any CPU
		{15906A2B-B619-4265-8E34-2A9D6E5D8D57}.Debug|x64.ActiveCfg = Debug|Any CPU
		{15906A2B-B619-4265-8E34-2A9D6E5D8D57}.Debug|x64.Build.0 = Debug|Any CPU
		{15906A2B-B619-4265-8E34-2A9D6E5D8D57}.Debug|x86.ActiveCfg = Debug|Any CPU
		{15906A2B-B619-4265-8E34-2A9D6E5D8D57}.Debug|x86.Build.0 = Debug|Any CPU
		{15906A2B-B619-4265-8E34-2A9D6E5D8D57}.Release|Any CPU.ActiveCfg = Release|Any CPU
		{15906A2B-B619-4265-8E34-2A9D6E5D8D57}.Release|Any CPU.Build.0 = Release|Any CPU
		{15906A2B-B619-4265-8E34-2A9D6E5D8D57}.Release|x64.ActiveCfg = Release|Any CPU
		{15906A2B-B619-4265-8E34-2A9D6E5D8D57}.Release|x64.Build.0 = Release|Any CPU
		{15906A2B-B619-4265-8E34-2A9D6E5D8D57}.Release|x86.ActiveCfg = Release|Any CPU
		{15906A2B-B619-4265-8E34-2A9D6E5D8D57}.Release|x86.Build.0 = Release|Any CPU
		{6A07B435-1E17-4BE5-B4FB-D842949240CA}.Debug|Any CPU.ActiveCfg = Debug|Any CPU
		{6A07B435-1E17-4BE5-B4FB-D842949240CA}.Debug|Any CPU.Build.0 = Debug|Any CPU
		{6A07B435-1E17-4BE5-B4FB-D842949240CA}.Debug|x64.ActiveCfg = Debug|Any CPU
		{6A07B435-1E17-4BE5-B4FB-D842949240CA}.Debug|x64.Build.0 = Debug|Any CPU
		{6A07B435-1E17-4BE5-B4FB-D842949240CA}.Debug|x86.ActiveCfg = Debug|Any CPU
		{6A07B435-1E17-4BE5-B4FB-D842949240CA}.Debug|x86.Build.0 = Debug|Any CPU
		{6A07B435-1E17-4BE5-B4FB-D842949240CA}.Release|Any CPU.ActiveCfg = Release|Any CPU
		{6A07B435-1E17-4BE5-B4FB-D842949240CA}.Release|Any CPU.Build.0 = Release|Any CPU
		{6A07B435-1E17-4BE5-B4FB-D842949240CA}.Release|x64.ActiveCfg = Release|Any CPU
		{6A07B435-1E17-4BE5-B4FB-D842949240CA}.Release|x64.Build.0 = Release|Any CPU
		{6A07B435-1E17-4BE5-B4FB-D842949240CA}.Release|x86.ActiveCfg = Release|Any CPU
		{6A07B435-1E17-4BE5-B4FB-D842949240CA}.Release|x86.Build.0 = Release|Any CPU
		{FD881A09-82D3-471C-A521-3A3C8F3128C7}.Debug|Any CPU.ActiveCfg = Debug|Any CPU
		{FD881A09-82D3-471C-A521-3A3C8F3128C7}.Debug|Any CPU.Build.0 = Debug|Any CPU
		{FD881A09-82D3-471C-A521-3A3C8F3128C7}.Debug|x64.ActiveCfg = Debug|Any CPU
		{FD881A09-82D3-471C-A521-3A3C8F3128C7}.Debug|x64.Build.0 = Debug|Any CPU
		{FD881A09-82D3-471C-A521-3A3C8F3128C7}.Debug|x86.ActiveCfg = Debug|Any CPU
		{FD881A09-82D3-471C-A521-3A3C8F3128C7}.Debug|x86.Build.0 = Debug|Any CPU
		{FD881A09-82D3-471C-A521-3A3C8F3128C7}.Release|Any CPU.ActiveCfg = Release|Any CPU
		{FD881A09-82D3-471C-A521-3A3C8F3128C7}.Release|Any CPU.Build.0 = Release|Any CPU
		{FD881A09-82D3-471C-A521-3A3C8F3128C7}.Release|x64.ActiveCfg = Release|Any CPU
		{FD881A09-82D3-471C-A521-3A3C8F3128C7}.Release|x64.Build.0 = Release|Any CPU
		{FD881A09-82D3-471C-A521-3A3C8F3128C7}.Release|x86.ActiveCfg = Release|Any CPU
		{FD881A09-82D3-471C-A521-3A3C8F3128C7}.Release|x86.Build.0 = Release|Any CPU
		{009D7D24-B136-496A-A450-4995ED81028D}.Debug|Any CPU.ActiveCfg = Debug|Any CPU
		{009D7D24-B136-496A-A450-4995ED81028D}.Debug|Any CPU.Build.0 = Debug|Any CPU
		{009D7D24-B136-496A-A450-4995ED81028D}.Debug|x64.ActiveCfg = Debug|Any CPU
		{009D7D24-B136-496A-A450-4995ED81028D}.Debug|x64.Build.0 = Debug|Any CPU
		{009D7D24-B136-496A-A450-4995ED81028D}.Debug|x86.ActiveCfg = Debug|Any CPU
		{009D7D24-B136-496A-A450-4995ED81028D}.Debug|x86.Build.0 = Debug|Any CPU
		{009D7D24-B136-496A-A450-4995ED81028D}.Release|Any CPU.ActiveCfg = Release|Any CPU
		{009D7D24-B136-496A-A450-4995ED81028D}.Release|Any CPU.Build.0 = Release|Any CPU
		{009D7D24-B136-496A-A450-4995ED81028D}.Release|x64.ActiveCfg = Release|Any CPU
		{009D7D24-B136-496A-A450-4995ED81028D}.Release|x64.Build.0 = Release|Any CPU
		{009D7D24-B136-496A-A450-4995ED81028D}.Release|x86.ActiveCfg = Release|Any CPU
		{009D7D24-B136-496A-A450-4995ED81028D}.Release|x86.Build.0 = Release|Any CPU
		{A18AF2AB-1EFA-4DED-85E1-E2D9FF9ACC58}.Debug|Any CPU.ActiveCfg = Debug|Any CPU
		{A18AF2AB-1EFA-4DED-85E1-E2D9FF9ACC58}.Debug|Any CPU.Build.0 = Debug|Any CPU
		{A18AF2AB-1EFA-4DED-85E1-E2D9FF9ACC58}.Debug|x64.ActiveCfg = Debug|Any CPU
		{A18AF2AB-1EFA-4DED-85E1-E2D9FF9ACC58}.Debug|x64.Build.0 = Debug|Any CPU
		{A18AF2AB-1EFA-4DED-85E1-E2D9FF9ACC58}.Debug|x86.ActiveCfg = Debug|Any CPU
		{A18AF2AB-1EFA-4DED-85E1-E2D9FF9ACC58}.Debug|x86.Build.0 = Debug|Any CPU
		{A18AF2AB-1EFA-4DED-85E1-E2D9FF9ACC58}.Release|Any CPU.ActiveCfg = Release|Any CPU
		{A18AF2AB-1EFA-4DED-85E1-E2D9FF9ACC58}.Release|Any CPU.Build.0 = Release|Any CPU
		{A18AF2AB-1EFA-4DED-85E1-E2D9FF9ACC58}.Release|x64.ActiveCfg = Release|Any CPU
		{A18AF2AB-1EFA-4DED-85E1-E2D9FF9ACC58}.Release|x64.Build.0 = Release|Any CPU
		{A18AF2AB-1EFA-4DED-85E1-E2D9FF9ACC58}.Release|x86.ActiveCfg = Release|Any CPU
		{A18AF2AB-1EFA-4DED-85E1-E2D9FF9ACC58}.Release|x86.Build.0 = Release|Any CPU
		{68896AFF-20BB-42C6-9B16-0716E90C6CA2}.Debug|Any CPU.ActiveCfg = Debug|Any CPU
		{68896AFF-20BB-42C6-9B16-0716E90C6CA2}.Debug|Any CPU.Build.0 = Debug|Any CPU
		{68896AFF-20BB-42C6-9B16-0716E90C6CA2}.Debug|x64.ActiveCfg = Debug|Any CPU
		{68896AFF-20BB-42C6-9B16-0716E90C6CA2}.Debug|x64.Build.0 = Debug|Any CPU
		{68896AFF-20BB-42C6-9B16-0716E90C6CA2}.Debug|x86.ActiveCfg = Debug|Any CPU
		{68896AFF-20BB-42C6-9B16-0716E90C6CA2}.Debug|x86.Build.0 = Debug|Any CPU
		{68896AFF-20BB-42C6-9B16-0716E90C6CA2}.Release|Any CPU.ActiveCfg = Release|Any CPU
		{68896AFF-20BB-42C6-9B16-0716E90C6CA2}.Release|Any CPU.Build.0 = Release|Any CPU
		{68896AFF-20BB-42C6-9B16-0716E90C6CA2}.Release|x64.ActiveCfg = Release|Any CPU
		{68896AFF-20BB-42C6-9B16-0716E90C6CA2}.Release|x64.Build.0 = Release|Any CPU
		{68896AFF-20BB-42C6-9B16-0716E90C6CA2}.Release|x86.ActiveCfg = Release|Any CPU
		{68896AFF-20BB-42C6-9B16-0716E90C6CA2}.Release|x86.Build.0 = Release|Any CPU
		{BC8A4013-694D-4129-AC9F-DD599BC43610}.Debug|Any CPU.ActiveCfg = Debug|Any CPU
		{BC8A4013-694D-4129-AC9F-DD599BC43610}.Debug|Any CPU.Build.0 = Debug|Any CPU
		{BC8A4013-694D-4129-AC9F-DD599BC43610}.Debug|x64.ActiveCfg = Debug|Any CPU
		{BC8A4013-694D-4129-AC9F-DD599BC43610}.Debug|x64.Build.0 = Debug|Any CPU
		{BC8A4013-694D-4129-AC9F-DD599BC43610}.Debug|x86.ActiveCfg = Debug|Any CPU
		{BC8A4013-694D-4129-AC9F-DD599BC43610}.Debug|x86.Build.0 = Debug|Any CPU
		{BC8A4013-694D-4129-AC9F-DD599BC43610}.Release|Any CPU.ActiveCfg = Release|Any CPU
		{BC8A4013-694D-4129-AC9F-DD599BC43610}.Release|Any CPU.Build.0 = Release|Any CPU
		{BC8A4013-694D-4129-AC9F-DD599BC43610}.Release|x64.ActiveCfg = Release|Any CPU
		{BC8A4013-694D-4129-AC9F-DD599BC43610}.Release|x64.Build.0 = Release|Any CPU
		{BC8A4013-694D-4129-AC9F-DD599BC43610}.Release|x86.ActiveCfg = Release|Any CPU
		{BC8A4013-694D-4129-AC9F-DD599BC43610}.Release|x86.Build.0 = Release|Any CPU
		{86F2538F-17A9-44C7-A401-C4364B900F8D}.Debug|Any CPU.ActiveCfg = Debug|Any CPU
		{86F2538F-17A9-44C7-A401-C4364B900F8D}.Debug|Any CPU.Build.0 = Debug|Any CPU
		{86F2538F-17A9-44C7-A401-C4364B900F8D}.Debug|x64.ActiveCfg = Debug|Any CPU
		{86F2538F-17A9-44C7-A401-C4364B900F8D}.Debug|x64.Build.0 = Debug|Any CPU
		{86F2538F-17A9-44C7-A401-C4364B900F8D}.Debug|x86.ActiveCfg = Debug|Any CPU
		{86F2538F-17A9-44C7-A401-C4364B900F8D}.Debug|x86.Build.0 = Debug|Any CPU
		{86F2538F-17A9-44C7-A401-C4364B900F8D}.Release|Any CPU.ActiveCfg = Release|Any CPU
		{86F2538F-17A9-44C7-A401-C4364B900F8D}.Release|Any CPU.Build.0 = Release|Any CPU
		{86F2538F-17A9-44C7-A401-C4364B900F8D}.Release|x64.ActiveCfg = Release|Any CPU
		{86F2538F-17A9-44C7-A401-C4364B900F8D}.Release|x64.Build.0 = Release|Any CPU
		{86F2538F-17A9-44C7-A401-C4364B900F8D}.Release|x86.ActiveCfg = Release|Any CPU
		{86F2538F-17A9-44C7-A401-C4364B900F8D}.Release|x86.Build.0 = Release|Any CPU
		{A769EEC5-FBD2-4C5B-8C44-D6C3070FCDD0}.Debug|Any CPU.ActiveCfg = Debug|Any CPU
		{A769EEC5-FBD2-4C5B-8C44-D6C3070FCDD0}.Debug|Any CPU.Build.0 = Debug|Any CPU
		{A769EEC5-FBD2-4C5B-8C44-D6C3070FCDD0}.Debug|x64.ActiveCfg = Debug|Any CPU
		{A769EEC5-FBD2-4C5B-8C44-D6C3070FCDD0}.Debug|x64.Build.0 = Debug|Any CPU
		{A769EEC5-FBD2-4C5B-8C44-D6C3070FCDD0}.Debug|x86.ActiveCfg = Debug|Any CPU
		{A769EEC5-FBD2-4C5B-8C44-D6C3070FCDD0}.Debug|x86.Build.0 = Debug|Any CPU
		{A769EEC5-FBD2-4C5B-8C44-D6C3070FCDD0}.Release|Any CPU.ActiveCfg = Release|Any CPU
		{A769EEC5-FBD2-4C5B-8C44-D6C3070FCDD0}.Release|Any CPU.Build.0 = Release|Any CPU
		{A769EEC5-FBD2-4C5B-8C44-D6C3070FCDD0}.Release|x64.ActiveCfg = Release|Any CPU
		{A769EEC5-FBD2-4C5B-8C44-D6C3070FCDD0}.Release|x64.Build.0 = Release|Any CPU
		{A769EEC5-FBD2-4C5B-8C44-D6C3070FCDD0}.Release|x86.ActiveCfg = Release|Any CPU
		{A769EEC5-FBD2-4C5B-8C44-D6C3070FCDD0}.Release|x86.Build.0 = Release|Any CPU
		{A7C6FDB2-0CF6-447D-8675-FE1977DABC6F}.Debug|Any CPU.ActiveCfg = Debug|Any CPU
		{A7C6FDB2-0CF6-447D-8675-FE1977DABC6F}.Debug|Any CPU.Build.0 = Debug|Any CPU
		{A7C6FDB2-0CF6-447D-8675-FE1977DABC6F}.Debug|x64.ActiveCfg = Debug|Any CPU
		{A7C6FDB2-0CF6-447D-8675-FE1977DABC6F}.Debug|x64.Build.0 = Debug|Any CPU
		{A7C6FDB2-0CF6-447D-8675-FE1977DABC6F}.Debug|x86.ActiveCfg = Debug|Any CPU
		{A7C6FDB2-0CF6-447D-8675-FE1977DABC6F}.Debug|x86.Build.0 = Debug|Any CPU
		{A7C6FDB2-0CF6-447D-8675-FE1977DABC6F}.Release|Any CPU.ActiveCfg = Release|Any CPU
		{A7C6FDB2-0CF6-447D-8675-FE1977DABC6F}.Release|Any CPU.Build.0 = Release|Any CPU
		{A7C6FDB2-0CF6-447D-8675-FE1977DABC6F}.Release|x64.ActiveCfg = Release|Any CPU
		{A7C6FDB2-0CF6-447D-8675-FE1977DABC6F}.Release|x64.Build.0 = Release|Any CPU
		{A7C6FDB2-0CF6-447D-8675-FE1977DABC6F}.Release|x86.ActiveCfg = Release|Any CPU
		{A7C6FDB2-0CF6-447D-8675-FE1977DABC6F}.Release|x86.Build.0 = Release|Any CPU
		{9976C1FE-370B-403D-9DBE-EB6EAABA285C}.Debug|Any CPU.ActiveCfg = Debug|Any CPU
		{9976C1FE-370B-403D-9DBE-EB6EAABA285C}.Debug|Any CPU.Build.0 = Debug|Any CPU
		{9976C1FE-370B-403D-9DBE-EB6EAABA285C}.Debug|x64.ActiveCfg = Debug|Any CPU
		{9976C1FE-370B-403D-9DBE-EB6EAABA285C}.Debug|x64.Build.0 = Debug|Any CPU
		{9976C1FE-370B-403D-9DBE-EB6EAABA285C}.Debug|x86.ActiveCfg = Debug|Any CPU
		{9976C1FE-370B-403D-9DBE-EB6EAABA285C}.Debug|x86.Build.0 = Debug|Any CPU
		{9976C1FE-370B-403D-9DBE-EB6EAABA285C}.Release|Any CPU.ActiveCfg = Release|Any CPU
		{9976C1FE-370B-403D-9DBE-EB6EAABA285C}.Release|Any CPU.Build.0 = Release|Any CPU
		{9976C1FE-370B-403D-9DBE-EB6EAABA285C}.Release|x64.ActiveCfg = Release|Any CPU
		{9976C1FE-370B-403D-9DBE-EB6EAABA285C}.Release|x64.Build.0 = Release|Any CPU
		{9976C1FE-370B-403D-9DBE-EB6EAABA285C}.Release|x86.ActiveCfg = Release|Any CPU
		{9976C1FE-370B-403D-9DBE-EB6EAABA285C}.Release|x86.Build.0 = Release|Any CPU
		{CB88D3ED-FD8A-4A53-B4FD-C0129638FFA0}.Debug|Any CPU.ActiveCfg = Debug|Any CPU
		{CB88D3ED-FD8A-4A53-B4FD-C0129638FFA0}.Debug|Any CPU.Build.0 = Debug|Any CPU
		{CB88D3ED-FD8A-4A53-B4FD-C0129638FFA0}.Debug|x64.ActiveCfg = Debug|Any CPU
		{CB88D3ED-FD8A-4A53-B4FD-C0129638FFA0}.Debug|x64.Build.0 = Debug|Any CPU
		{CB88D3ED-FD8A-4A53-B4FD-C0129638FFA0}.Debug|x86.ActiveCfg = Debug|Any CPU
		{CB88D3ED-FD8A-4A53-B4FD-C0129638FFA0}.Debug|x86.Build.0 = Debug|Any CPU
		{CB88D3ED-FD8A-4A53-B4FD-C0129638FFA0}.Release|Any CPU.ActiveCfg = Release|Any CPU
		{CB88D3ED-FD8A-4A53-B4FD-C0129638FFA0}.Release|Any CPU.Build.0 = Release|Any CPU
		{CB88D3ED-FD8A-4A53-B4FD-C0129638FFA0}.Release|x64.ActiveCfg = Release|Any CPU
		{CB88D3ED-FD8A-4A53-B4FD-C0129638FFA0}.Release|x64.Build.0 = Release|Any CPU
		{CB88D3ED-FD8A-4A53-B4FD-C0129638FFA0}.Release|x86.ActiveCfg = Release|Any CPU
		{CB88D3ED-FD8A-4A53-B4FD-C0129638FFA0}.Release|x86.Build.0 = Release|Any CPU
		{386C40AB-DC55-45B5-8CBA-D2239AE68C50}.Debug|Any CPU.ActiveCfg = Debug|Any CPU
		{386C40AB-DC55-45B5-8CBA-D2239AE68C50}.Debug|Any CPU.Build.0 = Debug|Any CPU
		{386C40AB-DC55-45B5-8CBA-D2239AE68C50}.Debug|x64.ActiveCfg = Debug|Any CPU
		{386C40AB-DC55-45B5-8CBA-D2239AE68C50}.Debug|x64.Build.0 = Debug|Any CPU
		{386C40AB-DC55-45B5-8CBA-D2239AE68C50}.Debug|x86.ActiveCfg = Debug|Any CPU
		{386C40AB-DC55-45B5-8CBA-D2239AE68C50}.Debug|x86.Build.0 = Debug|Any CPU
		{386C40AB-DC55-45B5-8CBA-D2239AE68C50}.Release|Any CPU.ActiveCfg = Release|Any CPU
		{386C40AB-DC55-45B5-8CBA-D2239AE68C50}.Release|Any CPU.Build.0 = Release|Any CPU
		{386C40AB-DC55-45B5-8CBA-D2239AE68C50}.Release|x64.ActiveCfg = Release|Any CPU
		{386C40AB-DC55-45B5-8CBA-D2239AE68C50}.Release|x64.Build.0 = Release|Any CPU
		{386C40AB-DC55-45B5-8CBA-D2239AE68C50}.Release|x86.ActiveCfg = Release|Any CPU
		{386C40AB-DC55-45B5-8CBA-D2239AE68C50}.Release|x86.Build.0 = Release|Any CPU
		{E87F3330-007C-4294-BC81-47D8DEB2273C}.Debug|Any CPU.ActiveCfg = Debug|Any CPU
		{E87F3330-007C-4294-BC81-47D8DEB2273C}.Debug|Any CPU.Build.0 = Debug|Any CPU
		{E87F3330-007C-4294-BC81-47D8DEB2273C}.Debug|x64.ActiveCfg = Debug|Any CPU
		{E87F3330-007C-4294-BC81-47D8DEB2273C}.Debug|x64.Build.0 = Debug|Any CPU
		{E87F3330-007C-4294-BC81-47D8DEB2273C}.Debug|x86.ActiveCfg = Debug|Any CPU
		{E87F3330-007C-4294-BC81-47D8DEB2273C}.Debug|x86.Build.0 = Debug|Any CPU
		{E87F3330-007C-4294-BC81-47D8DEB2273C}.Release|Any CPU.ActiveCfg = Release|Any CPU
		{E87F3330-007C-4294-BC81-47D8DEB2273C}.Release|Any CPU.Build.0 = Release|Any CPU
		{E87F3330-007C-4294-BC81-47D8DEB2273C}.Release|x64.ActiveCfg = Release|Any CPU
		{E87F3330-007C-4294-BC81-47D8DEB2273C}.Release|x64.Build.0 = Release|Any CPU
		{E87F3330-007C-4294-BC81-47D8DEB2273C}.Release|x86.ActiveCfg = Release|Any CPU
		{E87F3330-007C-4294-BC81-47D8DEB2273C}.Release|x86.Build.0 = Release|Any CPU
		{88B81E54-4556-4BD1-A00E-1FCA27E1B7B0}.Debug|Any CPU.ActiveCfg = Debug|Any CPU
		{88B81E54-4556-4BD1-A00E-1FCA27E1B7B0}.Debug|Any CPU.Build.0 = Debug|Any CPU
		{88B81E54-4556-4BD1-A00E-1FCA27E1B7B0}.Debug|x64.ActiveCfg = Debug|Any CPU
		{88B81E54-4556-4BD1-A00E-1FCA27E1B7B0}.Debug|x64.Build.0 = Debug|Any CPU
		{88B81E54-4556-4BD1-A00E-1FCA27E1B7B0}.Debug|x86.ActiveCfg = Debug|Any CPU
		{88B81E54-4556-4BD1-A00E-1FCA27E1B7B0}.Debug|x86.Build.0 = Debug|Any CPU
		{88B81E54-4556-4BD1-A00E-1FCA27E1B7B0}.Release|Any CPU.ActiveCfg = Release|Any CPU
		{88B81E54-4556-4BD1-A00E-1FCA27E1B7B0}.Release|Any CPU.Build.0 = Release|Any CPU
		{88B81E54-4556-4BD1-A00E-1FCA27E1B7B0}.Release|x64.ActiveCfg = Release|Any CPU
		{88B81E54-4556-4BD1-A00E-1FCA27E1B7B0}.Release|x64.Build.0 = Release|Any CPU
		{88B81E54-4556-4BD1-A00E-1FCA27E1B7B0}.Release|x86.ActiveCfg = Release|Any CPU
		{88B81E54-4556-4BD1-A00E-1FCA27E1B7B0}.Release|x86.Build.0 = Release|Any CPU
		{55841D23-8EBE-43B2-B0AE-53CA8C0DEC35}.Debug|Any CPU.ActiveCfg = Debug|Any CPU
		{55841D23-8EBE-43B2-B0AE-53CA8C0DEC35}.Debug|Any CPU.Build.0 = Debug|Any CPU
		{55841D23-8EBE-43B2-B0AE-53CA8C0DEC35}.Debug|x64.ActiveCfg = Debug|Any CPU
		{55841D23-8EBE-43B2-B0AE-53CA8C0DEC35}.Debug|x64.Build.0 = Debug|Any CPU
		{55841D23-8EBE-43B2-B0AE-53CA8C0DEC35}.Debug|x86.ActiveCfg = Debug|Any CPU
		{55841D23-8EBE-43B2-B0AE-53CA8C0DEC35}.Debug|x86.Build.0 = Debug|Any CPU
		{55841D23-8EBE-43B2-B0AE-53CA8C0DEC35}.Release|Any CPU.ActiveCfg = Release|Any CPU
		{55841D23-8EBE-43B2-B0AE-53CA8C0DEC35}.Release|Any CPU.Build.0 = Release|Any CPU
		{55841D23-8EBE-43B2-B0AE-53CA8C0DEC35}.Release|x64.ActiveCfg = Release|Any CPU
		{55841D23-8EBE-43B2-B0AE-53CA8C0DEC35}.Release|x64.Build.0 = Release|Any CPU
		{55841D23-8EBE-43B2-B0AE-53CA8C0DEC35}.Release|x86.ActiveCfg = Release|Any CPU
		{55841D23-8EBE-43B2-B0AE-53CA8C0DEC35}.Release|x86.Build.0 = Release|Any CPU
		{723E50AA-0FFB-4384-8721-097703DABFD5}.Debug|Any CPU.ActiveCfg = Debug|Any CPU
		{723E50AA-0FFB-4384-8721-097703DABFD5}.Debug|Any CPU.Build.0 = Debug|Any CPU
		{723E50AA-0FFB-4384-8721-097703DABFD5}.Debug|x64.ActiveCfg = Debug|Any CPU
		{723E50AA-0FFB-4384-8721-097703DABFD5}.Debug|x64.Build.0 = Debug|Any CPU
		{723E50AA-0FFB-4384-8721-097703DABFD5}.Debug|x86.ActiveCfg = Debug|Any CPU
		{723E50AA-0FFB-4384-8721-097703DABFD5}.Debug|x86.Build.0 = Debug|Any CPU
		{723E50AA-0FFB-4384-8721-097703DABFD5}.Release|Any CPU.ActiveCfg = Release|Any CPU
		{723E50AA-0FFB-4384-8721-097703DABFD5}.Release|Any CPU.Build.0 = Release|Any CPU
		{723E50AA-0FFB-4384-8721-097703DABFD5}.Release|x64.ActiveCfg = Release|Any CPU
		{723E50AA-0FFB-4384-8721-097703DABFD5}.Release|x64.Build.0 = Release|Any CPU
		{723E50AA-0FFB-4384-8721-097703DABFD5}.Release|x86.ActiveCfg = Release|Any CPU
		{723E50AA-0FFB-4384-8721-097703DABFD5}.Release|x86.Build.0 = Release|Any CPU
		{CC71CC26-E323-45B1-A278-ADF40164EFC2}.Debug|Any CPU.ActiveCfg = Debug|Any CPU
		{CC71CC26-E323-45B1-A278-ADF40164EFC2}.Debug|Any CPU.Build.0 = Debug|Any CPU
		{CC71CC26-E323-45B1-A278-ADF40164EFC2}.Debug|x64.ActiveCfg = Debug|Any CPU
		{CC71CC26-E323-45B1-A278-ADF40164EFC2}.Debug|x64.Build.0 = Debug|Any CPU
		{CC71CC26-E323-45B1-A278-ADF40164EFC2}.Debug|x86.ActiveCfg = Debug|Any CPU
		{CC71CC26-E323-45B1-A278-ADF40164EFC2}.Debug|x86.Build.0 = Debug|Any CPU
		{CC71CC26-E323-45B1-A278-ADF40164EFC2}.Release|Any CPU.ActiveCfg = Release|Any CPU
		{CC71CC26-E323-45B1-A278-ADF40164EFC2}.Release|Any CPU.Build.0 = Release|Any CPU
		{CC71CC26-E323-45B1-A278-ADF40164EFC2}.Release|x64.ActiveCfg = Release|Any CPU
		{CC71CC26-E323-45B1-A278-ADF40164EFC2}.Release|x64.Build.0 = Release|Any CPU
		{CC71CC26-E323-45B1-A278-ADF40164EFC2}.Release|x86.ActiveCfg = Release|Any CPU
		{CC71CC26-E323-45B1-A278-ADF40164EFC2}.Release|x86.Build.0 = Release|Any CPU
	EndGlobalSection
	GlobalSection(SolutionProperties) = preSolution
		HideSolutionNode = FALSE
	EndGlobalSection
	GlobalSection(NestedProjects) = preSolution
		{DD206F60-1FAF-ED75-6FA2-9D7982884EA4} = {5854FF58-B8C5-05C6-5BF2-ACE42193F22B}
		{4625D0C9-D0BC-ACCB-2B66-3BF05A513C50} = {DD206F60-1FAF-ED75-6FA2-9D7982884EA4}
		{57CD39D9-F79E-4B4D-9FD8-4F2F17819BAD} = {4625D0C9-D0BC-ACCB-2B66-3BF05A513C50}
		{308371AD-593E-46B8-9A93-93CE4427F3AA} = {4625D0C9-D0BC-ACCB-2B66-3BF05A513C50}
		{082BB491-8632-46B1-975E-0F2D65865FF1} = {4625D0C9-D0BC-ACCB-2B66-3BF05A513C50}
		{9439F83F-7C07-4793-BF4C-3A4F5F8BDC0A} = {4625D0C9-D0BC-ACCB-2B66-3BF05A513C50}
		{74E836B4-46B0-66C7-E002-0B58C90F8616} = {5854FF58-B8C5-05C6-5BF2-ACE42193F22B}
		{BACDCE95-09A6-ABF6-B518-4C59AD58864A} = {74E836B4-46B0-66C7-E002-0B58C90F8616}
		{D43AD265-4B34-49A8-8B50-E86E5F7413DF} = {BACDCE95-09A6-ABF6-B518-4C59AD58864A}
		{15906A2B-B619-4265-8E34-2A9D6E5D8D57} = {BACDCE95-09A6-ABF6-B518-4C59AD58864A}
		{6A07B435-1E17-4BE5-B4FB-D842949240CA} = {BACDCE95-09A6-ABF6-B518-4C59AD58864A}
		{B4759EA5-3746-CADC-71D9-E46DC9F56291} = {5854FF58-B8C5-05C6-5BF2-ACE42193F22B}
		{45DC9D0A-76FB-11DF-5231-1E7A3CE55834} = {B4759EA5-3746-CADC-71D9-E46DC9F56291}
		{FD881A09-82D3-471C-A521-3A3C8F3128C7} = {45DC9D0A-76FB-11DF-5231-1E7A3CE55834}
		{009D7D24-B136-496A-A450-4995ED81028D} = {45DC9D0A-76FB-11DF-5231-1E7A3CE55834}
		{A18AF2AB-1EFA-4DED-85E1-E2D9FF9ACC58} = {45DC9D0A-76FB-11DF-5231-1E7A3CE55834}
		{4B4A30FC-50F9-AB6E-EA19-DE247E2252F1} = {5854FF58-B8C5-05C6-5BF2-ACE42193F22B}
		{553CB4CE-7E1D-9451-8F52-215C20CE9A3D} = {4B4A30FC-50F9-AB6E-EA19-DE247E2252F1}
		{68896AFF-20BB-42C6-9B16-0716E90C6CA2} = {553CB4CE-7E1D-9451-8F52-215C20CE9A3D}
		{BC8A4013-694D-4129-AC9F-DD599BC43610} = {553CB4CE-7E1D-9451-8F52-215C20CE9A3D}
		{86F2538F-17A9-44C7-A401-C4364B900F8D} = {553CB4CE-7E1D-9451-8F52-215C20CE9A3D}
		{A769EEC5-FBD2-4C5B-8C44-D6C3070FCDD0} = {553CB4CE-7E1D-9451-8F52-215C20CE9A3D}
		{F5EDC9CB-DE8F-EF00-0C13-61A5C9CD8DCC} = {5854FF58-B8C5-05C6-5BF2-ACE42193F22B}
		{668F8148-7B8B-4D01-AA7B-0C565B0A0C43} = {F5EDC9CB-DE8F-EF00-0C13-61A5C9CD8DCC}
		{A7C6FDB2-0CF6-447D-8675-FE1977DABC6F} = {668F8148-7B8B-4D01-AA7B-0C565B0A0C43}
		{9976C1FE-370B-403D-9DBE-EB6EAABA285C} = {668F8148-7B8B-4D01-AA7B-0C565B0A0C43}
		{CB88D3ED-FD8A-4A53-B4FD-C0129638FFA0} = {668F8148-7B8B-4D01-AA7B-0C565B0A0C43}
		{386C40AB-DC55-45B5-8CBA-D2239AE68C50} = {668F8148-7B8B-4D01-AA7B-0C565B0A0C43}
		{4066F7EE-48C9-6E01-9F25-FCF4A08F04FF} = {5854FF58-B8C5-05C6-5BF2-ACE42193F22B}
		{837E6F12-E7EE-9B30-9B5A-0F39BDD64A54} = {4066F7EE-48C9-6E01-9F25-FCF4A08F04FF}
		{E87F3330-007C-4294-BC81-47D8DEB2273C} = {837E6F12-E7EE-9B30-9B5A-0F39BDD64A54}
		{88B81E54-4556-4BD1-A00E-1FCA27E1B7B0} = {837E6F12-E7EE-9B30-9B5A-0F39BDD64A54}
		{55841D23-8EBE-43B2-B0AE-53CA8C0DEC35} = {837E6F12-E7EE-9B30-9B5A-0F39BDD64A54}
		{723E50AA-0FFB-4384-8721-097703DABFD5} = {837E6F12-E7EE-9B30-9B5A-0F39BDD64A54}
		{CC71CC26-E323-45B1-A278-ADF40164EFC2} = {31CBEB51-93DC-9CA1-DA8D-67643319BEE1}
	EndGlobalSection
EndGlobal
